
Microsoft Visual Studio Solution File, Format Version 12.00
# Visual Studio Version 17
VisualStudioVersion = 17.2.32602.215
MinimumVisualStudioVersion = 10.0.40219.1
Project("{FAE04EC0-301F-11D3-BF4B-00C04F79EFBC}") = "LinQ", "LinQ\LinQ.csproj", "{C63605AA-8226-412C-93BC-2738C36C495C}"
EndProject
Global
	GlobalSection(SolutionConfigurationPlatforms) = preSolution
		Debug|Any CPU = Debug|Any CPU
		Release|Any CPU = Release|Any CPU
	EndGlobalSection
	GlobalSection(ProjectConfigurationPlatforms) = postSolution
		{C63605AA-8226-412C-93BC-2738C36C495C}.Debug|Any CPU.ActiveCfg = Debug|Any CPU
		{C63605AA-8226-412C-93BC-2738C36C495C}.Debug|Any CPU.Build.0 = Debug|Any CPU
		{C63605AA-8226-412C-93BC-2738C36C495C}.Release|Any CPU.ActiveCfg = Release|Any CPU
		{C63605AA-8226-412C-93BC-2738C36C495C}.Release|Any CPU.Build.0 = Release|Any CPU
	EndGlobalSection
	GlobalSection(SolutionProperties) = preSolution
		HideSolutionNode = FALSE
	EndGlobalSection
	GlobalSection(ExtensibilityGlobals) = postSolution
		SolutionGuid = {25EA95B8-C1CF-4EB8-A538-45D1C9903C84}
	EndGlobalSection
EndGlobal
